Microsoft Visual Studio Solution File, Format Version 12.00
# Visual Studio Version 17
VisualStudioVersion = 17.0.31903.59
MinimumVisualStudioVersion = 10.0.40219.1
Project("{FAE04EC0-301F-11D3-BF4B-00C04F79EFBC}") = "SmartNotesAI.Web", "Web\SmartNotesAI.Web.csproj", "{GUID-WEB}"
EndProject
Project("{FAE04EC0-301F-11D3-BF4B-00C04F79EFBC}") = "SmartNotesAI.Core", "Core\SmartNotesAI.Core.csproj", "{GUID-CORE}"
EndProject
Project("{FAE04EC0-301F-11D3-BF4B-00C04F79EFBC}") = "SmartNotesAI.Data", "Data\SmartNotesAI.Data.csproj", "{GUID-DATA}"
EndProject
Project("{FAE04EC0-301F-11D3-BF4B-00C04F79EFBC}") = "SmartNotesAI.Services", "Services\SmartNotesAI.Services.csproj", "{GUID-SERVICES}"
EndProject
Global
	GlobalSection(SolutionConfigurationPlatforms) = preSolution
		Debug|Any CPU = Debug|Any CPU
		Release|Any CPU = Release|Any CPU
	EndGlobalSection
	GlobalSection(ProjectConfigurationPlatforms) = postSolution
		{GUID-WEB}.Debug|Any CPU.ActiveCfg = Debug|Any CPU
		{GUID-WEB}.Debug|Any CPU.Build.0 = Debug|Any CPU
		{GUID-WEB}.Release|Any CPU.ActiveCfg = Release|Any CPU
		{GUID-WEB}.Release|Any CPU.Build.0 = Release|Any CPU
		{GUID-CORE}.Debug|Any CPU.ActiveCfg = Debug|Any CPU
		{GUID-CORE}.Debug|Any CPU.Build.0 = Debug|Any CPU
		{GUID-CORE}.Release|Any CPU.ActiveCfg = Release|Any CPU
		{GUID-CORE}.Release|Any CPU.Build.0 = Release|Any CPU
		{GUID-DATA}.Debug|Any CPU.ActiveCfg = Debug|Any CPU
		{GUID-DATA}.Debug|Any CPU.Build.0 = Debug|Any CPU
		{GUID-DATA}.Release|Any CPU.ActiveCfg = Release|Any CPU
		{GUID-DATA}.Release|Any CPU.Build.0 = Release|Any CPU
		{GUID-SERVICES}.Debug|Any CPU.ActiveCfg = Debug|Any CPU
		{GUID-SERVICES}.Debug|Any CPU.Build.0 = Debug|Any CPU
		{GUID-SERVICES}.Release|Any CPU.ActiveCfg = Release|Any CPU
		{GUID-SERVICES}.Release|Any CPU.Build.0 = Release|Any CPU
	EndGlobalSection
	GlobalSection(SolutionProperties) = preSolution
		HideSolutionNode = FALSE
	EndGlobalSection
EndGlobal
